
Microsoft Visual Studio Solution File, Format Version 12.00
# Visual Studio Version 17
VisualStudioVersion = 17.11.35312.102
MinimumVisualStudioVersion = 10.0.40219.1
Project("{FAE04EC0-301F-11D3-BF4B-00C04F79EFBC}") = "KPZ_lab2", "KPZ_lab2.csproj", "{54903965-3CD3-4C7B-B65E-480C0E313439}"
EndProject
Global
	GlobalSection(SolutionConfigurationPlatforms) = preSolution
		Debug|Any CPU = Debug|Any CPU
		Release|Any CPU = Release|Any CPU
	EndGlobalSection
	GlobalSection(ProjectConfigurationPlatforms) = postSolution
		{54903965-3CD3-4C7B-B65E-480C0E313439}.Debug|Any CPU.ActiveCfg = Debug|Any CPU
		{54903965-3CD3-4C7B-B65E-480C0E313439}.Debug|Any CPU.Build.0 = Debug|Any CPU
		{54903965-3CD3-4C7B-B65E-480C0E313439}.Release|Any CPU.ActiveCfg = Release|Any CPU
		{54903965-3CD3-4C7B-B65E-480C0E313439}.Release|Any CPU.Build.0 = Release|Any CPU
	EndGlobalSection
	GlobalSection(SolutionProperties) = preSolution
		HideSolutionNode = FALSE
	EndGlobalSection
	GlobalSection(ExtensibilityGlobals) = postSolution
		SolutionGuid = {72DE27A9-E5C7-4B38-B112-9288A0411495}
	EndGlobalSection
EndGlobal
