
Microsoft Visual Studio Solution File, Format Version 12.00
# Visual Studio Version 17
VisualStudioVersion = 17.11.35312.102
MinimumVisualStudioVersion = 10.0.40219.1
Project("{FAE04EC0-301F-11D3-BF4B-00C04F79EFBC}") = "KPZ_lab1", "KPZ_lab1.csproj", "{CC1CC277-F04E-420F-84B8-E34DB45CA51B}"
EndProject
Global
	GlobalSection(SolutionConfigurationPlatforms) = preSolution
		Debug|Any CPU = Debug|Any CPU
		Release|Any CPU = Release|Any CPU
	EndGlobalSection
	GlobalSection(ProjectConfigurationPlatforms) = postSolution
		{CC1CC277-F04E-420F-84B8-E34DB45CA51B}.Debug|Any CPU.ActiveCfg = Debug|Any CPU
		{CC1CC277-F04E-420F-84B8-E34DB45CA51B}.Debug|Any CPU.Build.0 = Debug|Any CPU
		{CC1CC277-F04E-420F-84B8-E34DB45CA51B}.Release|Any CPU.ActiveCfg = Release|Any CPU
		{CC1CC277-F04E-420F-84B8-E34DB45CA51B}.Release|Any CPU.Build.0 = Release|Any CPU
	EndGlobalSection
	GlobalSection(SolutionProperties) = preSolution
		HideSolutionNode = FALSE
	EndGlobalSection
	GlobalSection(ExtensibilityGlobals) = postSolution
		SolutionGuid = {906BA0E3-86C1-44E6-96C1-1F105C997ADB}
	EndGlobalSection
EndGlobal
